
Microsoft Visual Studio Solution File, Format Version 12.00
# Visual Studio Version 17
VisualStudioVersion = 17.7.34003.232
MinimumVisualStudioVersion = 10.0.40219.1
Project("{FAE04EC0-301F-11D3-BF4B-00C04F79EFBC}") = "tryass", "tryass\tryass.csproj", "{2CDD0265-3D39-4A5F-982D-63A69834B60B}"
EndProject
Global
	GlobalSection(SolutionConfigurationPlatforms) = preSolution
		Debug|Any CPU = Debug|Any CPU
		Release|Any CPU = Release|Any CPU
	EndGlobalSection
	GlobalSection(ProjectConfigurationPlatforms) = postSolution
		{2CDD0265-3D39-4A5F-982D-63A69834B60B}.Debug|Any CPU.ActiveCfg = Debug|Any CPU
		{2CDD0265-3D39-4A5F-982D-63A69834B60B}.Debug|Any CPU.Build.0 = Debug|Any CPU
		{2CDD0265-3D39-4A5F-982D-63A69834B60B}.Release|Any CPU.ActiveCfg = Release|Any CPU
		{2CDD0265-3D39-4A5F-982D-63A69834B60B}.Release|Any CPU.Build.0 = Release|Any CPU
	EndGlobalSection
	GlobalSection(SolutionProperties) = preSolution
		HideSolutionNode = FALSE
	EndGlobalSection
	GlobalSection(ExtensibilityGlobals) = postSolution
		SolutionGuid = {61BCB1B6-8E52-48EC-BE0E-A5A33EE22C23}
	EndGlobalSection
EndGlobal
